// !$*UTF8*$!
{
	archiveVersion = 1;
	classes = {
	};
	objectVersion = 55;
	objects = {

/* Begin PBXBuildFile section */
		09160CCB2913DADC0008D6CE /* ImageListView.swift in Sources */ = {isa = PBXBuildFile; fileRef = 09160CCA2913DADC0008D6CE /* ImageListView.swift */; };
		0971FB1128F9CA700015C680 /* SlowmoGram_Set_5App.swift in Sources */ = {isa = PBXBuildFile; fileRef = 0971FB1028F9CA700015C680 /* SlowmoGram_Set_5App.swift */; };
		0971FB1328F9CA700015C680 /* ContentView.swift in Sources */ = {isa = PBXBuildFile; fileRef = 0971FB1228F9CA700015C680 /* ContentView.swift */; };
		0971FB1528F9CA710015C680 /* Assets.xcassets in Resources */ = {isa = PBXBuildFile; fileRef = 0971FB1428F9CA710015C680 /* Assets.xcassets */; };
		0971FB1828F9CA710015C680 /* Preview Assets.xcassets in Resources */ = {isa = PBXBuildFile; fileRef = 0971FB1728F9CA710015C680 /* Preview Assets.xcassets */; };
		0971FB2228F9CA710015C680 /* SlowmoGram_Set_5Tests.swift in Sources */ = {isa = PBXBuildFile; fileRef = 0971FB2128F9CA710015C680 /* SlowmoGram_Set_5Tests.swift */; };
		0971FB2C28F9CA710015C680 /* SlowmoGram_Set_5UITests.swift in Sources */ = {isa = PBXBuildFile; fileRef = 0971FB2B28F9CA710015C680 /* SlowmoGram_Set_5UITests.swift */; };
		0971FB2E28F9CA710015C680 /* SlowmoGram_Set_5UITestsLaunchTests.swift in Sources */ = {isa = PBXBuildFile; fileRef = 0971FB2D28F9CA710015C680 /* SlowmoGram_Set_5UITestsLaunchTests.swift */; };
		0974314928FDCEA7005F62CC /* ImageDetailView.swift in Sources */ = {isa = PBXBuildFile; fileRef = 0974314828FDCEA7005F62CC /* ImageDetailView.swift */; };
		0974314B28FDD396005F62CC /* Picture.swift in Sources */ = {isa = PBXBuildFile; fileRef = 0974314A28FDD396005F62CC /* Picture.swift */; };
/* End PBXBuildFile section */

/* Begin PBXContainerItemProxy section */
		0971FB1E28F9CA710015C680 /* PBXContainerItemProxy */ = {
			isa = PBXContainerItemProxy;
			containerPortal = 0971FB0528F9CA700015C680 /* Project object */;
			proxyType = 1;
			remoteGlobalIDString = 0971FB0C28F9CA700015C680;
			remoteInfo = "SlowmoGram Set 5";
		};
		0971FB2828F9CA710015C680 /* PBXContainerItemProxy */ = {
			isa = PBXContainerItemProxy;
			containerPortal = 0971FB0528F9CA700015C680 /* Project object */;
			proxyType = 1;
			remoteGlobalIDString = 0971FB0C28F9CA700015C680;
			remoteInfo = "SlowmoGram Set 5";
		};
/* End PBXContainerItemProxy section */

/* Begin PBXFileReference section */
		09160CCA2913DADC0008D6CE /* ImageListView.swift */ = {isa = PBXFileReference; lastKnownFileType = sourcecode.swift; path = ImageListView.swift; sourceTree = "<group>"; };
		0971FB0D28F9CA700015C680 /* SlowmoGram Set 5.app */ = {isa = PBXFileReference; explicitFileType = wrapper.application; includeInIndex = 0; path = "SlowmoGram Set 5.app"; sourceTree = BUILT_PRODUCTS_DIR; };
		0971FB1028F9CA700015C680 /* SlowmoGram_Set_5App.swift */ = {isa = PBXFileReference; lastKnownFileType = sourcecode.swift; path = SlowmoGram_Set_5App.swift; sourceTree = "<group>"; };
		0971FB1228F9CA700015C680 /* ContentView.swift */ = {isa = PBXFileReference; lastKnownFileType = sourcecode.swift; path = ContentView.swift; sourceTree = "<group>"; };
		0971FB1428F9CA710015C680 /* Assets.xcassets */ = {isa = PBXFileReference; lastKnownFileType = folder.assetcatalog; path = Assets.xcassets; sourceTree = "<group>"; };
		0971FB1728F9CA710015C680 /* Preview Assets.xcassets */ = {isa = PBXFileReference; lastKnownFileType = folder.assetcatalog; path = "Preview Assets.xcassets"; sourceTree = "<group>"; };
		0971FB1D28F9CA710015C680 /* SlowmoGram Set 5Tests.xctest */ = {isa = PBXFileReference; explicitFileType = wrapper.cfbundle; includeInIndex = 0; path = "SlowmoGram Set 5Tests.xctest"; sourceTree = BUILT_PRODUCTS_DIR; };
		0971FB2128F9CA710015C680 /* SlowmoGram_Set_5Tests.swift */ = {isa = PBXFileReference; lastKnownFileType = sourcecode.swift; path = SlowmoGram_Set_5Tests.swift; sourceTree = "<group>"; };
		0971FB2728F9CA710015C680 /* SlowmoGram Set 5UITests.xctest */ = {isa = PBXFileReference; explicitFileType = wrapper.cfbundle; includeInIndex = 0; path = "SlowmoGram Set 5UITests.xctest"; sourceTree = BUILT_PRODUCTS_DIR; };
		0971FB2B28F9CA710015C680 /* SlowmoGram_Set_5UITests.swift */ = {isa = PBXFileReference; lastKnownFileType = sourcecode.swift; path = SlowmoGram_Set_5UITests.swift; sourceTree = "<group>"; };
		0971FB2D28F9CA710015C680 /* SlowmoGram_Set_5UITestsLaunchTests.swift */ = {isa = PBXFileReference; lastKnownFileType = sourcecode.swift; path = SlowmoGram_Set_5UITestsLaunchTests.swift; sourceTree = "<group>"; };
		0974314828FDCEA7005F62CC /* ImageDetailView.swift */ = {isa = PBXFileReference; lastKnownFileType = sourcecode.swift; path = ImageDetailView.swift; sourceTree = "<group>"; };
		0974314A28FDD396005F62CC /* Picture.swift */ = {isa = PBXFileReference; lastKnownFileType = sourcecode.swift; path = Picture.swift; sourceTree = "<group>"; };
/* End PBXFileReference section */

/* Begin PBXFrameworksBuildPhase section */
		0971FB0A28F9CA700015C680 /* Frameworks */ = {
			isa = PBXFrameworksBuildPhase;
			buildActionMask = 2147483647;
			files = (
			);
			runOnlyForDeploymentPostprocessing = 0;
		};
		0971FB1A28F9CA710015C680 /* Frameworks */ = {
			isa = PBXFrameworksBuildPhase;
			buildActionMask = 2147483647;
			files = (
			);
			runOnlyForDeploymentPostprocessing = 0;
		};
		0971FB2428F9CA710015C680 /* Frameworks */ = {
			isa = PBXFrameworksBuildPhase;
			buildActionMask = 2147483647;
			files = (
			);
			runOnlyForDeploymentPostprocessing = 0;
		};
/* End PBXFrameworksBuildPhase section */

/* Begin PBXGroup section */
		0971FB0428F9CA700015C680 = {
			isa = PBXGroup;
			children = (
				0971FB0F28F9CA700015C680 /* SlowmoGram Set 5 */,
				0971FB2028F9CA710015C680 /* SlowmoGram Set 5Tests */,
				0971FB2A28F9CA710015C680 /* SlowmoGram Set 5UITests */,
				0971FB0E28F9CA700015C680 /* Products */,
			);
			sourceTree = "<group>";
		};
		0971FB0E28F9CA700015C680 /* Products */ = {
			isa = PBXGroup;
			children = (
				0971FB0D28F9CA700015C680 /* SlowmoGram Set 5.app */,
				0971FB1D28F9CA710015C680 /* SlowmoGram Set 5Tests.xctest */,
				0971FB2728F9CA710015C680 /* SlowmoGram Set 5UITests.xctest */,
			);
			name = Products;
			sourceTree = "<group>";
		};
		0971FB0F28F9CA700015C680 /* SlowmoGram Set 5 */ = {
			isa = PBXGroup;
			children = (
				0971FB1028F9CA700015C680 /* SlowmoGram_Set_5App.swift */,
				0971FB1228F9CA700015C680 /* ContentView.swift */,
				0974314828FDCEA7005F62CC /* ImageDetailView.swift */,
				09160CCA2913DADC0008D6CE /* ImageListView.swift */,
				0974314A28FDD396005F62CC /* Picture.swift */,
				0971FB1428F9CA710015C680 /* Assets.xcassets */,
				0971FB1628F9CA710015C680 /* Preview Content */,
			);
			path = "SlowmoGram Set 5";
			sourceTree = "<group>";
		};
		0971FB1628F9CA710015C680 /* Preview Content */ = {
			isa = PBXGroup;
			children = (
				0971FB1728F9CA710015C680 /* Preview Assets.xcassets */,
			);
			path = "Preview Content";
			sourceTree = "<group>";
		};
		0971FB2028F9CA710015C680 /* SlowmoGram Set 5Tests */ = {
			isa = PBXGroup;
			children = (
				0971FB2128F9CA710015C680 /* SlowmoGram_Set_5Tests.swift */,
			);
			path = "SlowmoGram Set 5Tests";
			sourceTree = "<group>";
		};
		0971FB2A28F9CA710015C680 /* SlowmoGram Set 5UITests */ = {
			isa = PBXGroup;
			children = (
				0971FB2B28F9CA710015C680 /* SlowmoGram_Set_5UITests.swift */,
				0971FB2D28F9CA710015C680 /* SlowmoGram_Set_5UITestsLaunchTests.swift */,
			);
			path = "SlowmoGram Set 5UITests";
			sourceTree = "<group>";
		};
/* End PBXGroup section */

/* Begin PBXNativeTarget section */
		0971FB0C28F9CA700015C680 /* SlowmoGram Set 5 */ = {
			isa = PBXNativeTarget;
			buildConfigurationList = 0971FB3128F9CA710015C680 /* Build configuration list for PBXNativeTarget "SlowmoGram Set 5" */;
			buildPhases = (
				0971FB0928F9CA700015C680 /* Sources */,
				0971FB0A28F9CA700015C680 /* Frameworks */,
				0971FB0B28F9CA700015C680 /* Resources */,
			);
			buildRules = (
			);
			dependencies = (
			);
			name = "SlowmoGram Set 5";
			productName = "SlowmoGram Set 5";
			productReference = 0971FB0D28F9CA700015C680 /* SlowmoGram Set 5.app */;
			productType = "com.apple.product-type.application";
		};
		0971FB1C28F9CA710015C680 /* SlowmoGram Set 5Tests */ = {
			isa = PBXNativeTarget;
			buildConfigurationList = 0971FB3428F9CA710015C680 /* Build configuration list for PBXNativeTarget "SlowmoGram Set 5Tests" */;
			buildPhases = (
				0971FB1928F9CA710015C680 /* Sources */,
				0971FB1A28F9CA710015C680 /* Frameworks */,
				0971FB1B28F9CA710015C680 /* Resources */,
			);
			buildRules = (
			);
			dependencies = (
				0971FB1F28F9CA710015C680 /* PBXTargetDependency */,
			);
			name = "SlowmoGram Set 5Tests";
			productName = "SlowmoGram Set 5Tests";
			productReference = 0971FB1D28F9CA710015C680 /* SlowmoGram Set 5Tests.xctest */;
			productType = "com.apple.product-type.bundle.unit-test";
		};
		0971FB2628F9CA710015C680 /* SlowmoGram Set 5UITests */ = {
			isa = PBXNativeTarget;
			buildConfigurationList = 0971FB3728F9CA710015C680 /* Build configuration list for PBXNativeTarget "SlowmoGram Set 5UITests" */;
			buildPhases = (
				0971FB2328F9CA710015C680 /* Sources */,
				0971FB2428F9CA710015C680 /* Frameworks */,
				0971FB2528F9CA710015C680 /* Resources */,
			);
			buildRules = (
			);
			dependencies = (
				0971FB2928F9CA710015C680 /* PBXTargetDependency */,
			);
			name = "SlowmoGram Set 5UITests";
			productName = "SlowmoGram Set 5UITests";
			productReference = 0971FB2728F9CA710015C680 /* SlowmoGram Set 5UITests.xctest */;
			productType = "com.apple.product-type.bundle.ui-testing";
		};
/* End PBXNativeTarget section */

/* Begin PBXProject section */
		0971FB0528F9CA700015C680 /* Project object */ = {
			isa = PBXProject;
			attributes = {
				BuildIndependentTargetsInParallel = 1;
				LastSwiftUpdateCheck = 1340;
				LastUpgradeCheck = 1340;
				TargetAttributes = {
					0971FB0C28F9CA700015C680 = {
						CreatedOnToolsVersion = 13.4.1;
					};
					0971FB1C28F9CA710015C680 = {
						CreatedOnToolsVersion = 13.4.1;
						TestTargetID = 0971FB0C28F9CA700015C680;
					};
					0971FB2628F9CA710015C680 = {
						CreatedOnToolsVersion = 13.4.1;
						TestTargetID = 0971FB0C28F9CA700015C680;
					};
				};
			};
			buildConfigurationList = 0971FB0828F9CA700015C680 /* Build configuration list for PBXProject "SlowmoGram Set 5" */;
			compatibilityVersion = "Xcode 13.0";
			developmentRegion = en;
			hasScannedForEncodings = 0;
			knownRegions = (
				en,
				Base,
			);
			mainGroup = 0971FB0428F9CA700015C680;
			productRefGroup = 0971FB0E28F9CA700015C680 /* Products */;
			projectDirPath = "";
			projectRoot = "";
			targets = (
				0971FB0C28F9CA700015C680 /* SlowmoGram Set 5 */,
				0971FB1C28F9CA710015C680 /* SlowmoGram Set 5Tests */,
				0971FB2628F9CA710015C680 /* SlowmoGram Set 5UITests */,
			);
		};
/* End PBXProject section */

/* Begin PBXResourcesBuildPhase section */
		0971FB0B28F9CA700015C680 /* Resources */ = {
			isa = PBXResourcesBuildPhase;
			buildActionMask = 2147483647;
			files = (
				0971FB1828F9CA710015C680 /* Preview Assets.xcassets in Resources */,
				0971FB1528F9CA710015C680 /* Assets.xcassets in Resources */,
			);
			runOnlyForDeploymentPostprocessing = 0;
		};
		0971FB1B28F9CA710015C680 /* Resources */ = {
			isa = PBXResourcesBuildPhase;
			buildActionMask = 2147483647;
			files = (
			);
			runOnlyForDeploymentPostprocessing = 0;
		};
		0971FB2528F9CA710015C680 /* Resources */ = {
			isa = PBXResourcesBuildPhase;
			buildActionMask = 2147483647;
			files = (
			);
			runOnlyForDeploymentPostprocessing = 0;
		};
/* End PBXResourcesBuildPhase section */

/* Begin PBXSourcesBuildPhase section */
		0971FB0928F9CA700015C680 /* Sources */ = {
			isa = PBXSourcesBuildPhase;
			buildActionMask = 2147483647;
			files = (
				0974314B28FDD396005F62CC /* Picture.swift in Sources */,
				0971FB1328F9CA700015C680 /* ContentView.swift in Sources */,
				0971FB1128F9CA700015C680 /* SlowmoGram_Set_5App.swift in Sources */,
				09160CCB2913DADC0008D6CE /* ImageListView.swift in Sources */,
				0974314928FDCEA7005F62CC /* ImageDetailView.swift in Sources */,
			);
			runOnlyForDeploymentPostprocessing = 0;
		};
		0971FB1928F9CA710015C680 /* Sources */ = {
			isa = PBXSourcesBuildPhase;
			buildActionMask = 2147483647;
			files = (
				0971FB2228F9CA710015C680 /* SlowmoGram_Set_5Tests.swift in Sources */,
			);
			runOnlyForDeploymentPostprocessing = 0;
		};
		0971FB2328F9CA710015C680 /* Sources */ = {
			isa = PBXSourcesBuildPhase;
			buildActionMask = 2147483647;
			files = (
				0971FB2C28F9CA710015C680 /* SlowmoGram_Set_5UITests.swift in Sources */,
				0971FB2E28F9CA710015C680 /* SlowmoGram_Set_5UITestsLaunchTests.swift in Sources */,
			);
			runOnlyForDeploymentPostprocessing = 0;
		};
/* End PBXSourcesBuildPhase section */

/* Begin PBXTargetDependency section */
		0971FB1F28F9CA710015C680 /* PBXTargetDependency */ = {
			isa = PBXTargetDependency;
			target = 0971FB0C28F9CA700015C680 /* SlowmoGram Set 5 */;
			targetProxy = 0971FB1E28F9CA710015C680 /* PBXContainerItemProxy */;
		};
		0971FB2928F9CA710015C680 /* PBXTargetDependency */ = {
			isa = PBXTargetDependency;
			target = 0971FB0C28F9CA700015C680 /* SlowmoGram Set 5 */;
			targetProxy = 0971FB2828F9CA710015C680 /* PBXContainerItemProxy */;
		};
/* End PBXTargetDependency section */

/* Begin XCBuildConfiguration section */
		0971FB2F28F9CA710015C680 /* Debug */ = {
			isa = XCBuildConfiguration;
			buildSettings = {
				ALWAYS_SEARCH_USER_PATHS = NO;
				CLANG_ANALYZER_NONNULL = YES;
				CLANG_ANALYZER_NUMBER_OBJECT_CONVERSION = YES_AGGRESSIVE;
				CLANG_CXX_LANGUAGE_STANDARD = "gnu++17";
				CLANG_ENABLE_MODULES = YES;
				CLANG_ENABLE_OBJC_ARC = YES;
				CLANG_ENABLE_OBJC_WEAK = YES;
				CLANG_WARN_BLOCK_CAPTURE_AUTORELEASING = YES;
				CLANG_WARN_BOOL_CONVERSION = YES;
				CLANG_WARN_COMMA = YES;
				CLANG_WARN_CONSTANT_CONVERSION = YES;
				CLANG_WARN_DEPRECATED_OBJC_IMPLEMENTATIONS = YES;
				CLANG_WARN_DIRECT_OBJC_ISA_USAGE = YES_ERROR;
				CLANG_WARN_DOCUMENTATION_COMMENTS = YES;
				CLANG_WARN_EMPTY_BODY = YES;
				CLANG_WARN_ENUM_CONVERSION = YES;
				CLANG_WARN_INFINITE_RECURSION = YES;
				CLANG_WARN_INT_CONVERSION = YES;
				CLANG_WARN_NON_LITERAL_NULL_CONVERSION = YES;
				CLANG_WARN_OBJC_IMPLICIT_RETAIN_SELF = YES;
				CLANG_WARN_OBJC_LITERAL_CONVERSION = YES;
				CLANG_WARN_OBJC_ROOT_CLASS = YES_ERROR;
				CLANG_WARN_QUOTED_INCLUDE_IN_FRAMEWORK_HEADER = YES;
				CLANG_WARN_RANGE_LOOP_ANALYSIS = YES;
				CLANG_WARN_STRICT_PROTOTYPES = YES;
				CLANG_WARN_SUSPICIOUS_MOVE = YES;
				CLANG_WARN_UNGUARDED_AVAILABILITY = YES_AGGRESSIVE;
				CLANG_WARN_UNREACHABLE_CODE = YES;
				CLANG_WARN__DUPLICATE_METHOD_MATCH = YES;
				COPY_PHASE_STRIP = NO;
				DEBUG_INFORMATION_FORMAT = dwarf;
				ENABLE_STRICT_OBJC_MSGSEND = YES;
				ENABLE_TESTABILITY = YES;
				GCC_C_LANGUAGE_STANDARD = gnu11;
				GCC_DYNAMIC_NO_PIC = NO;
				GCC_NO_COMMON_BLOCKS = YES;
				GCC_OPTIMIZATION_LEVEL = 0;
				GCC_PREPROCESSOR_DEFINITIONS = (
					"DEBUG=1",
					"$(inherited)",
				);
				GCC_WARN_64_TO_32_BIT_CONVERSION = YES;
				GCC_WARN_ABOUT_RETURN_TYPE = YES_ERROR;
				GCC_WARN_UNDECLARED_SELECTOR = YES;
				GCC_WARN_UNINITIALIZED_AUTOS = YES_AGGRESSIVE;
				GCC_WARN_UNUSED_FUNCTION = YES;
				GCC_WARN_UNUSED_VARIABLE = YES;
				IPHONEOS_DEPLOYMENT_TARGET = 15.5;
				MTL_ENABLE_DEBUG_INFO = INCLUDE_SOURCE;
				MTL_FAST_MATH = YES;
				ONLY_ACTIVE_ARCH = YES;
				SDKROOT = iphoneos;
				SWIFT_ACTIVE_COMPILATION_CONDITIONS = DEBUG;
				SWIFT_OPTIMIZATION_LEVEL = "-Onone";
			};
			name = Debug;
		};
		0971FB3028F9CA710015C680 /* Release */ = {
			isa = XCBuildConfiguration;
			buildSettings = {
				ALWAYS_SEARCH_USER_PATHS = NO;
				CLANG_ANALYZER_NONNULL = YES;
				CLANG_ANALYZER_NUMBER_OBJECT_CONVERSION = YES_AGGRESSIVE;
				CLANG_CXX_LANGUAGE_STANDARD = "gnu++17";
				CLANG_ENABLE_MODULES = YES;
				CLANG_ENABLE_OBJC_ARC = YES;
				CLANG_ENABLE_OBJC_WEAK = YES;
				CLANG_WARN_BLOCK_CAPTURE_AUTORELEASING = YES;
				CLANG_WARN_BOOL_CONVERSION = YES;
				CLANG_WARN_COMMA = YES;
				CLANG_WARN_CONSTANT_CONVERSION = YES;
				CLANG_WARN_DEPRECATED_OBJC_IMPLEMENTATIONS = YES;
				CLANG_WARN_DIRECT_OBJC_ISA_USAGE = YES_ERROR;
				CLANG_WARN_DOCUMENTATION_COMMENTS = YES;
				CLANG_WARN_EMPTY_BODY = YES;
				CLANG_WARN_ENUM_CONVERSION = YES;
				CLANG_WARN_INFINITE_RECURSION = YES;
				CLANG_WARN_INT_CONVERSION = YES;
				CLANG_WARN_NON_LITERAL_NULL_CONVERSION = YES;
				CLANG_WARN_OBJC_IMPLICIT_RETAIN_SELF = YES;
				CLANG_WARN_OBJC_LITERAL_CONVERSION = YES;
				CLANG_WARN_OBJC_ROOT_CLASS = YES_ERROR;
				CLANG_WARN_QUOTED_INCLUDE_IN_FRAMEWORK_HEADER = YES;
				CLANG_WARN_RANGE_LOOP_ANALYSIS = YES;
				CLANG_WARN_STRICT_PROTOTYPES = YES;
				CLANG_WARN_SUSPICIOUS_MOVE = YES;
				CLANG_WARN_UNGUARDED_AVAILABILITY = YES_AGGRESSIVE;
				CLANG_WARN_UNREACHABLE_CODE = YES;
				CLANG_WARN__DUPLICATE_METHOD_MATCH = YES;
				COPY_PHASE_STRIP = NO;
				DEBUG_INFORMATION_FORMAT = "dwarf-with-dsym";
				ENABLE_NS_ASSERTIONS = NO;
				ENABLE_STRICT_OBJC_MSGSEND = YES;
				GCC_C_LANGUAGE_STANDARD = gnu11;
				GCC_NO_COMMON_BLOCKS = YES;
				GCC_WARN_64_TO_32_BIT_CONVERSION = YES;
				GCC_WARN_ABOUT_RETURN_TYPE = YES_ERROR;
				GCC_WARN_UNDECLARED_SELECTOR = YES;
				GCC_WARN_UNINITIALIZED_AUTOS = YES_AGGRESSIVE;
				GCC_WARN_UNUSED_FUNCTION = YES;
				GCC_WARN_UNUSED_VARIABLE = YES;
				IPHONEOS_DEPLOYMENT_TARGET = 15.5;
				MTL_ENABLE_DEBUG_INFO = NO;
				MTL_FAST_MATH = YES;
				SDKROOT = iphoneos;
				SWIFT_COMPILATION_MODE = wholemodule;
				SWIFT_OPTIMIZATION_LEVEL = "-O";
				VALIDATE_PRODUCT = YES;
			};
			name = Release;
		};
		0971FB3228F9CA710015C680 /* Debug */ = {
			isa = XCBuildConfiguration;
			buildSettings = {
				ASSETCATALOG_COMPILER_APPICON_NAME = AppIcon;
				ASSETCATALOG_COMPILER_GLOBAL_ACCENT_COLOR_NAME = AccentColor;
				CODE_SIGN_STYLE = Automatic;
				CURRENT_PROJECT_VERSION = 1;
				DEVELOPMENT_ASSET_PATHS = "\"SlowmoGram Set 5/Preview Content\"";
				DEVELOPMENT_TEAM = U7D887R932;
				ENABLE_PREVIEWS = YES;
				GENERATE_INFOPLIST_FILE = YES;
				INFOPLIST_KEY_UIApplicationSceneManifest_Generation = YES;
				INFOPLIST_KEY_UIApplicationSupportsIndirectInputEvents = YES;
				INFOPLIST_KEY_UILaunchScreen_Generation = YES;
				INFOPLIST_KEY_UISupportedInterfaceOrientations_iPad = "UIInterfaceOrientationPortrait UIInterfaceOrientationPortraitUpsideDown UIInterfaceOrientationLandscapeLeft UIInterfaceOrientationLandscapeRight";
				INFOPLIST_KEY_UISupportedInterfaceOrientations_iPhone = "UIInterfaceOrientationPortrait UIInterfaceOrientationLandscapeLeft UIInterfaceOrientationLandscapeRight";
				LD_RUNPATH_SEARCH_PATHS = (
					"$(inherited)",
					"@executable_path/Frameworks",
				);
				MARKETING_VERSION = 1.0;
				PRODUCT_BUNDLE_IDENTIFIER = "NewWaveComputers.SlowmoGram-Set-5";
				PRODUCT_NAME = "$(TARGET_NAME)";
				SWIFT_EMIT_LOC_STRINGS = YES;
				SWIFT_VERSION = 5.0;
				TARGETED_DEVICE_FAMILY = "1,2";
			};
			name = Debug;
		};
		0971FB3328F9CA710015C680 /* Release */ = {
			isa = XCBuildConfiguration;
			buildSettings = {
				ASSETCATALOG_COMPILER_APPICON_NAME = AppIcon;
				ASSETCATALOG_COMPILER_GLOBAL_ACCENT_COLOR_NAME = AccentColor;
				CODE_SIGN_STYLE = Automatic;
				CURRENT_PROJECT_VERSION = 1;
				DEVELOPMENT_ASSET_PATHS = "\"SlowmoGram Set 5/Preview Content\"";
				DEVELOPMENT_TEAM = U7D887R932;
				ENABLE_PREVIEWS = YES;
				GENERATE_INFOPLIST_FILE = YES;
				INFOPLIST_KEY_UIApplicationSceneManifest_Generation = YES;
				INFOPLIST_KEY_UIApplicationSupportsIndirectInputEvents = YES;
				INFOPLIST_KEY_UILaunchScreen_Generation = YES;
				INFOPLIST_KEY_UISupportedInterfaceOrientations_iPad = "UIInterfaceOrientationPortrait UIInterfaceOrientationPortraitUpsideDown UIInterfaceOrientationLandscapeLeft UIInterfaceOrientationLandscapeRight";
				INFOPLIST_KEY_UISupportedInterfaceOrientations_iPhone = "UIInterfaceOrientationPortrait UIInterfaceOrientationLandscapeLeft UIInterfaceOrientationLandscapeRight";
				LD_RUNPATH_SEARCH_PATHS = (
					"$(inherited)",
					"@executable_path/Frameworks",
				);
				MARKETING_VERSION = 1.0;
				PRODUCT_BUNDLE_IDENTIFIER = "NewWaveComputers.SlowmoGram-Set-5";
				PRODUCT_NAME = "$(TARGET_NAME)";
				SWIFT_EMIT_LOC_STRINGS = YES;
				SWIFT_VERSION = 5.0;
				TARGETED_DEVICE_FAMILY = "1,2";
			};
			name = Release;
		};
		0971FB3528F9CA710015C680 /* Debug */ = {
			isa = XCBuildConfiguration;
			buildSettings = {
				ALWAYS_EMBED_SWIFT_STANDARD_LIBRARIES = YES;
				BUNDLE_LOADER = "$(TEST_HOST)";
				CODE_SIGN_STYLE = Automatic;
				CURRENT_PROJECT_VERSION = 1;
				DEVELOPMENT_TEAM = U7D887R932;
				GENERATE_INFOPLIST_FILE = YES;
				IPHONEOS_DEPLOYMENT_TARGET = 15.5;
				MARKETING_VERSION = 1.0;
				PRODUCT_BUNDLE_IDENTIFIER = "NewWaveComputers.SlowmoGram-Set-5Tests";
				PRODUCT_NAME = "$(TARGET_NAME)";
				SWIFT_EMIT_LOC_STRINGS = NO;
				SWIFT_VERSION = 5.0;
				TARGETED_DEVICE_FAMILY = "1,2";
				TEST_HOST = "$(BUILT_PRODUCTS_DIR)/SlowmoGram Set 5.app/SlowmoGram Set 5";
			};
			name = Debug;
		};
		0971FB3628F9CA710015C680 /* Release */ = {
			isa = XCBuildConfiguration;
			buildSettings = {
				ALWAYS_EMBED_SWIFT_STANDARD_LIBRARIES = YES;
				BUNDLE_LOADER = "$(TEST_HOST)";
				CODE_SIGN_STYLE = Automatic;
				CURRENT_PROJECT_VERSION = 1;
				DEVELOPMENT_TEAM = U7D887R932;
				GENERATE_INFOPLIST_FILE = YES;
				IPHONEOS_DEPLOYMENT_TARGET = 15.5;
				MARKETING_VERSION = 1.0;
				PRODUCT_BUNDLE_IDENTIFIER = "NewWaveComputers.SlowmoGram-Set-5Tests";
				PRODUCT_NAME = "$(TARGET_NAME)";
				SWIFT_EMIT_LOC_STRINGS = NO;
				SWIFT_VERSION = 5.0;
				TARGETED_DEVICE_FAMILY = "1,2";
				TEST_HOST = "$(BUILT_PRODUCTS_DIR)/SlowmoGram Set 5.app/SlowmoGram Set 5";
			};
			name = Release;
		};
		0971FB3828F9CA710015C680 /* Debug */ = {
			isa = XCBuildConfiguration;
			buildSettings = {
				ALWAYS_EMBED_SWIFT_STANDARD_LIBRARIES = YES;
				CODE_SIGN_STYLE = Automatic;
				CURRENT_PROJECT_VERSION = 1;
				DEVELOPMENT_TEAM = U7D887R932;
				GENERATE_INFOPLIST_FILE = YES;
				MARKETING_VERSION = 1.0;
				PRODUCT_BUNDLE_IDENTIFIER = "NewWaveComputers.SlowmoGram-Set-5UITests";
				PRODUCT_NAME = "$(TARGET_NAME)";
				SWIFT_EMIT_LOC_STRINGS = NO;
				SWIFT_VERSION = 5.0;
				TARGETED_DEVICE_FAMILY = "1,2";
				TEST_TARGET_NAME = "SlowmoGram Set 5";
			};
			name = Debug;
		};
		0971FB3928F9CA710015C680 /* Release */ = {
			isa = XCBuildConfiguration;
			buildSettings = {
				ALWAYS_EMBED_SWIFT_STANDARD_LIBRARIES = YES;
				CODE_SIGN_STYLE = Automatic;
				CURRENT_PROJECT_VERSION = 1;
				DEVELOPMENT_TEAM = U7D887R932;
				GENERATE_INFOPLIST_FILE = YES;
				MARKETING_VERSION = 1.0;
				PRODUCT_BUNDLE_IDENTIFIER = "NewWaveComputers.SlowmoGram-Set-5UITests";
				PRODUCT_NAME = "$(TARGET_NAME)";
				SWIFT_EMIT_LOC_STRINGS = NO;
				SWIFT_VERSION = 5.0;
				TARGETED_DEVICE_FAMILY = "1,2";
				TEST_TARGET_NAME = "SlowmoGram Set 5";
			};
			name = Release;
		};
/* End XCBuildConfiguration section */

/* Begin XCConfigurationList section */
		0971FB0828F9CA700015C680 /* Build configuration list for PBXProject "SlowmoGram Set 5" */ = {
			isa = XCConfigurationList;
			buildConfigurations = (
				0971FB2F28F9CA710015C680 /* Debug */,
				0971FB3028F9CA710015C680 /* Release */,
			);
			defaultConfigurationIsVisible = 0;
			defaultConfigurationName = Release;
		};
		0971FB3128F9CA710015C680 /* Build configuration list for PBXNativeTarget "SlowmoGram Set 5" */ = {
			isa = XCConfigurationList;
			buildConfigurations = (
				0971FB3228F9CA710015C680 /* Debug */,
				0971FB3328F9CA710015C680 /* Release */,
			);
			defaultConfigurationIsVisible = 0;
			defaultConfigurationName = Release;
		};
		0971FB3428F9CA710015C680 /* Build configuration list for PBXNativeTarget "SlowmoGram Set 5Tests" */ = {
			isa = XCConfigurationList;
			buildConfigurations = (
				0971FB3528F9CA710015C680 /* Debug */,
				0971FB3628F9CA710015C680 /* Release */,
			);
			defaultConfigurationIsVisible = 0;
			defaultConfigurationName = Release;
		};
		0971FB3728F9CA710015C680 /* Build configuration list for PBXNativeTarget "SlowmoGram Set 5UITests" */ = {
			isa = XCConfigurationList;
			buildConfigurations = (
				0971FB3828F9CA710015C680 /* Debug */,
				0971FB3928F9CA710015C680 /* Release */,
			);
			defaultConfigurationIsVisible = 0;
			defaultConfigurationName = Release;
		};
/* End XCConfigurationList section */
	};
	rootObject = 0971FB0528F9CA700015C680 /* Project object */;
}
